# @generated - this file is auto-generated by `mise lock` https://mise.en.dev/dev-tools/mise-lock.html

[[tools."aqua:dagger/dagger"]]
version = "0.20.8"
backend = "aqua:dagger/dagger"

[tools."aqua:dagger/dagger"."platforms.linux-arm64"]
checksum = "sha256:e49f3aa146f3af2c259f94bc335dffe154664eddff4db0adf445d650345e0056"
url = "https://github.com/dagger/dagger/releases/download/v0.20.8/dagger_v0.20.8_linux_arm64.tar.gz"

[tools."aqua:dagger/dagger"."platforms.linux-arm64-musl"]
checksum = "sha256:e49f3aa146f3af2c259f94bc335dffe154664eddff4db0adf445d650345e0056"
url = "https://github.com/dagger/dagger/releases/download/v0.20.8/dagger_v0.20.8_linux_arm64.tar.gz"

[tools."aqua:dagger/dagger"."platforms.linux-x64"]
checksum = "sha256:c0a46536fde641f6a4b45529382e1176220d22552c2f9ab0136deaf005e646db"
url = "https://github.com/dagger/dagger/releases/download/v0.20.8/dagger_v0.20.8_linux_amd64.tar.gz"

[tools."aqua:dagger/dagger"."platforms.linux-x64-musl"]
checksum = "sha256:c0a46536fde641f6a4b45529382e1176220d22552c2f9ab0136deaf005e646db"
url = "https://github.com/dagger/dagger/releases/download/v0.20.8/dagger_v0.20.8_linux_amd64.tar.gz"

[tools."aqua:dagger/dagger"."platforms.macos-arm64"]
checksum = "sha256:44cbfe7ee8748895f851c3765c84fe023c7dcb6546f6d9cff81a912ae0ea9f25"
url = "https://github.com/dagger/dagger/releases/download/v0.20.8/dagger_v0.20.8_darwin_arm64.tar.gz"

[tools."aqua:dagger/dagger"."platforms.macos-x64"]
checksum = "sha256:4d8d78999660ff05efc3dd01c29ca6b02379d74deeb14c56a7c6f589620c9360"
url = "https://github.com/dagger/dagger/releases/download/v0.20.8/dagger_v0.20.8_darwin_amd64.tar.gz"

[tools."aqua:dagger/dagger"."platforms.windows-x64"]
checksum = "sha256:bfb767f0cb8aa1383563974b72eb625bd9f1cf3429a5f1a651ffb3ec2e888e61"
url = "https://github.com/dagger/dagger/releases/download/v0.20.8/dagger_v0.20.8_windows_amd64.zip"

[[tools."pipx:copr-cli"]]
version = "2.5"
backend = "pipx:copr-cli"
