# @generated - this file is auto-generated by `mise lock` https://mise.jdx.dev/dev-tools/mise-lock.html

[[tools."aqua:dagger/dagger"]]
version = "0.20.6"
backend = "aqua:dagger/dagger"

[tools."aqua:dagger/dagger"."platforms.linux-arm64"]
checksum = "sha256:1018e2b0b1becae3650428902b841db82c85fe21cf0b22fefcef839d30d51989"
url = "https://github.com/dagger/dagger/releases/download/v0.20.6/dagger_v0.20.6_linux_arm64.tar.gz"

[tools."aqua:dagger/dagger"."platforms.linux-arm64-musl"]
checksum = "sha256:1018e2b0b1becae3650428902b841db82c85fe21cf0b22fefcef839d30d51989"
url = "https://github.com/dagger/dagger/releases/download/v0.20.6/dagger_v0.20.6_linux_arm64.tar.gz"

[tools."aqua:dagger/dagger"."platforms.linux-x64"]
checksum = "sha256:3bfccb841a6954ee6b46c0abef77572a30c4aa50661ff72fb9340de0421e2f45"
url = "https://github.com/dagger/dagger/releases/download/v0.20.6/dagger_v0.20.6_linux_amd64.tar.gz"

[tools."aqua:dagger/dagger"."platforms.linux-x64-musl"]
checksum = "sha256:3bfccb841a6954ee6b46c0abef77572a30c4aa50661ff72fb9340de0421e2f45"
url = "https://github.com/dagger/dagger/releases/download/v0.20.6/dagger_v0.20.6_linux_amd64.tar.gz"

[tools."aqua:dagger/dagger"."platforms.macos-arm64"]
checksum = "sha256:6d31d7bf9d49f0cde343f45e08c698fb82447e29db7c71cf85aeb5eddbf1bba6"
url = "https://github.com/dagger/dagger/releases/download/v0.20.6/dagger_v0.20.6_darwin_arm64.tar.gz"

[tools."aqua:dagger/dagger"."platforms.macos-x64"]
checksum = "sha256:1274c1f109206c728dd5bf7cac58e21e25dccfec838dae208bdab9b495c92263"
url = "https://github.com/dagger/dagger/releases/download/v0.20.6/dagger_v0.20.6_darwin_amd64.tar.gz"

[tools."aqua:dagger/dagger"."platforms.windows-x64"]
checksum = "sha256:d12ae3ce4c03dbd7e3f94deb57fbd40ccb679a8d30fb9efc8c0a0fa51979822a"
url = "https://github.com/dagger/dagger/releases/download/v0.20.6/dagger_v0.20.6_windows_amd64.zip"

[[tools."pipx:copr-cli"]]
version = "2.5"
backend = "pipx:copr-cli"
