# @generated - this file is auto-generated by `mise lock` https://mise.jdx.dev/dev-tools/mise-lock.html

[[tools."aqua:dagger/dagger"]]
version = "0.20.3"
backend = "aqua:dagger/dagger"

[tools."aqua:dagger/dagger"."platforms.linux-arm64"]
checksum = "sha256:d14ae009238df34870b44761dcd93ab1e3e7abec7e2be96e98eef2c6fce80d28"
url = "https://github.com/dagger/dagger/releases/download/v0.20.3/dagger_v0.20.3_linux_arm64.tar.gz"

[tools."aqua:dagger/dagger"."platforms.linux-arm64-musl"]
checksum = "sha256:d14ae009238df34870b44761dcd93ab1e3e7abec7e2be96e98eef2c6fce80d28"
url = "https://github.com/dagger/dagger/releases/download/v0.20.3/dagger_v0.20.3_linux_arm64.tar.gz"

[tools."aqua:dagger/dagger"."platforms.linux-x64"]
checksum = "sha256:1a0a4779592c5136725c4839ae71dbfc3aaa59bb22cd4b01f2ca55a583f26b9d"
url = "https://github.com/dagger/dagger/releases/download/v0.20.3/dagger_v0.20.3_linux_amd64.tar.gz"

[tools."aqua:dagger/dagger"."platforms.linux-x64-musl"]
checksum = "sha256:1a0a4779592c5136725c4839ae71dbfc3aaa59bb22cd4b01f2ca55a583f26b9d"
url = "https://github.com/dagger/dagger/releases/download/v0.20.3/dagger_v0.20.3_linux_amd64.tar.gz"

[tools."aqua:dagger/dagger"."platforms.macos-arm64"]
checksum = "sha256:b6ce97009000c44439dc18eb55c99b41c497c8fe95d0b7e49b237f9ec5ccc1f5"
url = "https://github.com/dagger/dagger/releases/download/v0.20.3/dagger_v0.20.3_darwin_arm64.tar.gz"

[tools."aqua:dagger/dagger"."platforms.macos-x64"]
checksum = "sha256:2545c34534adaed7c1292fc68aaedf468dd64002043cb6be9148bd48c08021a3"
url = "https://github.com/dagger/dagger/releases/download/v0.20.3/dagger_v0.20.3_darwin_amd64.tar.gz"

[tools."aqua:dagger/dagger"."platforms.windows-x64"]
checksum = "sha256:cd59f1c486c7c32034ce0ece80990688e92458d1896a7bbdd9c5e2011be6cc49"
url = "https://github.com/dagger/dagger/releases/download/v0.20.3/dagger_v0.20.3_windows_amd64.zip"

[[tools."pipx:copr-cli"]]
version = "2.4"
backend = "pipx:copr-cli"
